lockfileVersion: 5.4

specifiers:
  rome: ^12.1.2

dependencies:
  rome: 12.1.2

packages:

  /@rometools/cli-darwin-arm64/12.1.2:
    resolution: {integrity: sha512-9QxtAwNyX9n7ysxo+9qWczl70I1opulmX7LFNsRJKS9qqyTNc5K++btnNK07vWAIeQsMx4QYwr7241thuBMlFw==}
    cpu: [arm64]
    os: [darwin]
    requiresBuild: true
    dev: false
    optional: true

  /@rometools/cli-darwin-x64/12.1.2:
    resolution: {integrity: sha512-w28NkGYK/rSmQU2WkNzw1h7ec8IR5a7LzYwPHDvG2ogY5sTcygkg0TGKOF/MHUvixU6EBPrFobua2gPhpr/m5A==}
    cpu: [x64]
    os: [darwin]
    requiresBuild: true
    dev: false
    optional: true

  /@rometools/cli-linux-arm64/12.1.2:
    resolution: {integrity: sha512-7BPGqPtnJy1O8B/ucJ5Vg+p6EUvJJ9DazrT1UEdVR/4inPqAVac9PIZDjjHXyMrt/3IngnetPyn5EXNTAqpJVw==}
    cpu: [arm64]
    os: [linux]
    requiresBuild: true
    dev: false
    optional: true

  /@rometools/cli-linux-x64/12.1.2:
    resolution: {integrity: sha512-qH2iJKPLp34D0GFK1gLolHGkTA8q2vGKh2Ae1AwoTh87g0mXyyeQf4mAtxJtf4/ydMgjEkAZdEwyaevbTX8gnQ==}
    cpu: [x64]
    os: [linux]
    requiresBuild: true
    dev: false
    optional: true

  /@rometools/cli-win32-arm64/12.1.2:
    resolution: {integrity: sha512-iIdqss2R8bni7C7isA9OLBj1UAA3MeKfca0aHNZr+2gSRdiSxO/47j6s3Tpebso99xsJBAFdWBOruG+l/C+LQg==}
    cpu: [arm64]
    os: [win32]
    requiresBuild: true
    dev: false
    optional: true

  /@rometools/cli-win32-x64/12.1.2:
    resolution: {integrity: sha512-MKOd02sSnd/Biogh3rIKpLFZzYbDSVvRNAxbFHJOpyGLbeQHfAg7QxjKwz0PqyrHVjZaTEEPlswrf4IFii0GNg==}
    cpu: [x64]
    os: [win32]
    requiresBuild: true
    dev: false
    optional: true

  /rome/12.1.2:
    resolution: {integrity: sha512-ObyDevKRU6k3R9fAK9hDvrX9FSPEJ0JWNv5i65enknV+epWjEIL0jnDuijPUX7MSVS6M/ngTiKUaeF3w63SJXw==}
    engines: {node: '>=14.*'}
    hasBin: true
    requiresBuild: true
    optionalDependencies:
      '@rometools/cli-darwin-arm64': 12.1.2
      '@rometools/cli-darwin-x64': 12.1.2
      '@rometools/cli-linux-arm64': 12.1.2
      '@rometools/cli-linux-x64': 12.1.2
      '@rometools/cli-win32-arm64': 12.1.2
      '@rometools/cli-win32-x64': 12.1.2
    dev: false
